// !$*UTF8*$!
{
	archiveVersion = 1;
	classes = {
	};
	objectVersion = 55;
	objects = {

/* Begin PBXBuildFile section */
		CDD3C01B2820CAC30009FBCA /* AppDelegate.swift in Sources */ = {isa = PBXBuildFile; fileRef = CDD3C01A2820CAC30009FBCA /* AppDelegate.swift */; };
		CDD3C01D2820CAC30009FBCA /* SceneDelegate.swift in Sources */ = {isa = PBXBuildFile; fileRef = CDD3C01C2820CAC30009FBCA /* SceneDelegate.swift */; };
		CDD3C01F2820CAC30009FBCA /* ViewController.swift in Sources */ = {isa = PBXBuildFile; fileRef = CDD3C01E2820CAC30009FBCA /* ViewController.swift */; };
		CDD3C0222820CAC30009FBCA /* Main.storyboard in Resources */ = {isa = PBXBuildFile; fileRef = CDD3C0202820CAC30009FBCA /* Main.storyboard */; };
		CDD3C0242820CAC80009FBCA /* Assets.xcassets in Resources */ = {isa = PBXBuildFile; fileRef = CDD3C0232820CAC80009FBCA /* Assets.xcassets */; };
		CDD3C0272820CAC80009FBCA /* LaunchScreen.storyboard in Resources */ = {isa = PBXBuildFile; fileRef = CDD3C0252820CAC80009FBCA /* LaunchScreen.storyboard */; };
		CDD3C02F2820CEFA0009FBCA /* RBHomeViewController.swift in Sources */ = {isa = PBXBuildFile; fileRef = CDD3C02E2820CEFA0009FBCA /* RBHomeViewController.swift */; };
		CDD3C0322820D0A00009FBCA /* RBSegmentUtils.swift in Sources */ = {isa = PBXBuildFile; fileRef = CDD3C0312820D0A00009FBCA /* RBSegmentUtils.swift */; };
		CDD3C0342820D2860009FBCA /* RBSegmentBaseCollectionView.swift in Sources */ = {isa = PBXBuildFile; fileRef = CDD3C0332820D2860009FBCA /* RBSegmentBaseCollectionView.swift */; };
		CDD3C0382820E1F80009FBCA /* RBSegmentPageContentView.swift in Sources */ = {isa = PBXBuildFile; fileRef = CDD3C0372820E1F80009FBCA /* RBSegmentPageContentView.swift */; };
		CDD3C03A2820E74E0009FBCA /* RBSegmentTableViewCell.swift in Sources */ = {isa = PBXBuildFile; fileRef = CDD3C0392820E74E0009FBCA /* RBSegmentTableViewCell.swift */; };
		CDD3C03C2820E78E0009FBCA /* RBSegmentViewController.swift in Sources */ = {isa = PBXBuildFile; fileRef = CDD3C03B2820E78E0009FBCA /* RBSegmentViewController.swift */; };
		CDD3C03E2820E7D10009FBCA /* RBSegmentCollectionView.swift in Sources */ = {isa = PBXBuildFile; fileRef = CDD3C03D2820E7D10009FBCA /* RBSegmentCollectionView.swift */; };
		CDD3C0402820EBCE0009FBCA /* RBPageControlBar.swift in Sources */ = {isa = PBXBuildFile; fileRef = CDD3C03F2820EBCE0009FBCA /* RBPageControlBar.swift */; };
		CDD3C04F2820F1AD0009FBCA /* LICENSE in Resources */ = {isa = PBXBuildFile; fileRef = CDD3C0422820F1AD0009FBCA /* LICENSE */; };
		CDD3C0502820F1AD0009FBCA /* README.md in Resources */ = {isa = PBXBuildFile; fileRef = CDD3C0432820F1AD0009FBCA /* README.md */; };
		CDD3C0512820F1AD0009FBCA /* ESPullToRefresh+Manager.swift in Sources */ = {isa = PBXBuildFile; fileRef = CDD3C0452820F1AD0009FBCA /* ESPullToRefresh+Manager.swift */; };
		CDD3C0522820F1AD0009FBCA /* ESRefreshAnimator.swift in Sources */ = {isa = PBXBuildFile; fileRef = CDD3C0462820F1AD0009FBCA /* ESRefreshAnimator.swift */; };
		CDD3C0532820F1AD0009FBCA /* ESRefreshComponent.swift in Sources */ = {isa = PBXBuildFile; fileRef = CDD3C0472820F1AD0009FBCA /* ESRefreshComponent.swift */; };
		CDD3C0542820F1AD0009FBCA /* ESRefreshHeaderAnimator.swift in Sources */ = {isa = PBXBuildFile; fileRef = CDD3C0492820F1AD0009FBCA /* ESRefreshHeaderAnimator.swift */; };
		CDD3C0552820F1AD0009FBCA /* icon_pull_to_refresh_arrow@2x.png in Resources */ = {isa = PBXBuildFile; fileRef = CDD3C04A2820F1AD0009FBCA /* icon_pull_to_refresh_arrow@2x.png */; };
		CDD3C0562820F1AD0009FBCA /* ESRefreshFooterAnimator.swift in Sources */ = {isa = PBXBuildFile; fileRef = CDD3C04B2820F1AD0009FBCA /* ESRefreshFooterAnimator.swift */; };
		CDD3C0572820F1AD0009FBCA /* ESRefreshProtocol.swift in Sources */ = {isa = PBXBuildFile; fileRef = CDD3C04C2820F1AD0009FBCA /* ESRefreshProtocol.swift */; };
		CDD3C0582820F1AD0009FBCA /* ES.swift in Sources */ = {isa = PBXBuildFile; fileRef = CDD3C04D2820F1AD0009FBCA /* ES.swift */; };
		CDD3C0592820F1AD0009FBCA /* ESPullToRefresh.swift in Sources */ = {isa = PBXBuildFile; fileRef = CDD3C04E2820F1AD0009FBCA /* ESPullToRefresh.swift */; };
/* End PBXBuildFile section */

/* Begin PBXFileReference section */
		CDD3C0172820CAC30009FBCA /* RBSegmentViewControl.app */ = {isa = PBXFileReference; explicitFileType = wrapper.application; includeInIndex = 0; path = RBSegmentViewControl.app; sourceTree = BUILT_PRODUCTS_DIR; };
		CDD3C01A2820CAC30009FBCA /* AppDelegate.swift */ = {isa = PBXFileReference; lastKnownFileType = sourcecode.swift; path = AppDelegate.swift; sourceTree = "<group>"; };
		CDD3C01C2820CAC30009FBCA /* SceneDelegate.swift */ = {isa = PBXFileReference; lastKnownFileType = sourcecode.swift; path = SceneDelegate.swift; sourceTree = "<group>"; };
		CDD3C01E2820CAC30009FBCA /* ViewController.swift */ = {isa = PBXFileReference; lastKnownFileType = sourcecode.swift; path = ViewController.swift; sourceTree = "<group>"; };
		CDD3C0212820CAC30009FBCA /* Base */ = {isa = PBXFileReference; lastKnownFileType = file.storyboard; name = Base; path = Base.lproj/Main.storyboard; sourceTree = "<group>"; };
		CDD3C0232820CAC80009FBCA /* Assets.xcassets */ = {isa = PBXFileReference; lastKnownFileType = folder.assetcatalog; path = Assets.xcassets; sourceTree = "<group>"; };
		CDD3C0262820CAC80009FBCA /* Base */ = {isa = PBXFileReference; lastKnownFileType = file.storyboard; name = Base; path = Base.lproj/LaunchScreen.storyboard; sourceTree = "<group>"; };
		CDD3C0282820CAC80009FBCA /* Info.plist */ = {isa = PBXFileReference; lastKnownFileType = text.plist.xml; path = Info.plist; sourceTree = "<group>"; };
		CDD3C02E2820CEFA0009FBCA /* RBHomeViewController.swift */ = {isa = PBXFileReference; lastKnownFileType = sourcecode.swift; path = RBHomeViewController.swift; sourceTree = "<group>"; };
		CDD3C0312820D0A00009FBCA /* RBSegmentUtils.swift */ = {isa = PBXFileReference; lastKnownFileType = sourcecode.swift; path = RBSegmentUtils.swift; sourceTree = "<group>"; };
		CDD3C0332820D2860009FBCA /* RBSegmentBaseCollectionView.swift */ = {isa = PBXFileReference; lastKnownFileType = sourcecode.swift; path = RBSegmentBaseCollectionView.swift; sourceTree = "<group>"; };
		CDD3C0372820E1F80009FBCA /* RBSegmentPageContentView.swift */ = {isa = PBXFileReference; lastKnownFileType = sourcecode.swift; path = RBSegmentPageContentView.swift; sourceTree = "<group>"; };
		CDD3C0392820E74E0009FBCA /* RBSegmentTableViewCell.swift */ = {isa = PBXFileReference; lastKnownFileType = sourcecode.swift; path = RBSegmentTableViewCell.swift; sourceTree = "<group>"; };
		CDD3C03B2820E78E0009FBCA /* RBSegmentViewController.swift */ = {isa = PBXFileReference; lastKnownFileType = sourcecode.swift; path = RBSegmentViewController.swift; sourceTree = "<group>"; };
		CDD3C03D2820E7D10009FBCA /* RBSegmentCollectionView.swift */ = {isa = PBXFileReference; lastKnownFileType = sourcecode.swift; path = RBSegmentCollectionView.swift; sourceTree = "<group>"; };
		CDD3C03F2820EBCE0009FBCA /* RBPageControlBar.swift */ = {isa = PBXFileReference; fileEncoding = 4; lastKnownFileType = sourcecode.swift; path = RBPageControlBar.swift; sourceTree = "<group>"; };
		CDD3C0422820F1AD0009FBCA /* LICENSE */ = {isa = PBXFileReference; fileEncoding = 4; lastKnownFileType = text; path = LICENSE; sourceTree = "<group>"; };
		CDD3C0432820F1AD0009FBCA /* README.md */ = {isa = PBXFileReference; fileEncoding = 4; lastKnownFileType = net.daringfireball.markdown; path = README.md; sourceTree = "<group>"; };
		CDD3C0452820F1AD0009FBCA /* ESPullToRefresh+Manager.swift */ = {isa = PBXFileReference; fileEncoding = 4; lastKnownFileType = sourcecode.swift; path = "ESPullToRefresh+Manager.swift"; sourceTree = "<group>"; };
		CDD3C0462820F1AD0009FBCA /* ESRefreshAnimator.swift */ = {isa = PBXFileReference; fileEncoding = 4; lastKnownFileType = sourcecode.swift; path = ESRefreshAnimator.swift; sourceTree = "<group>"; };
		CDD3C0472820F1AD0009FBCA /* ESRefreshComponent.swift */ = {isa = PBXFileReference; fileEncoding = 4; lastKnownFileType = sourcecode.swift; path = ESRefreshComponent.swift; sourceTree = "<group>"; };
		CDD3C0492820F1AD0009FBCA /* ESRefreshHeaderAnimator.swift */ = {isa = PBXFileReference; fileEncoding = 4; lastKnownFileType = sourcecode.swift; path = ESRefreshHeaderAnimator.swift; sourceTree = "<group>"; };
		CDD3C04A2820F1AD0009FBCA /* icon_pull_to_refresh_arrow@2x.png */ = {isa = PBXFileReference; lastKnownFileType = image.png; path = "icon_pull_to_refresh_arrow@2x.png"; sourceTree = "<group>"; };
		CDD3C04B2820F1AD0009FBCA /* ESRefreshFooterAnimator.swift */ = {isa = PBXFileReference; fileEncoding = 4; lastKnownFileType = sourcecode.swift; path = ESRefreshFooterAnimator.swift; sourceTree = "<group>"; };
		CDD3C04C2820F1AD0009FBCA /* ESRefreshProtocol.swift */ = {isa = PBXFileReference; fileEncoding = 4; lastKnownFileType = sourcecode.swift; path = ESRefreshProtocol.swift; sourceTree = "<group>"; };
		CDD3C04D2820F1AD0009FBCA /* ES.swift */ = {isa = PBXFileReference; fileEncoding = 4; lastKnownFileType = sourcecode.swift; path = ES.swift; sourceTree = "<group>"; };
		CDD3C04E2820F1AD0009FBCA /* ESPullToRefresh.swift */ = {isa = PBXFileReference; fileEncoding = 4; lastKnownFileType = sourcecode.swift; path = ESPullToRefresh.swift; sourceTree = "<group>"; };
/* End PBXFileReference section */

/* Begin PBXFrameworksBuildPhase section */
		CDD3C0142820CAC30009FBCA /* Frameworks */ = {
			isa = PBXFrameworksBuildPhase;
			buildActionMask = 2147483647;
			files = (
			);
			runOnlyForDeploymentPostprocessing = 0;
		};
/* End PBXFrameworksBuildPhase section */

/* Begin PBXGroup section */
		CDD3C00E2820CAC30009FBCA = {
			isa = PBXGroup;
			children = (
				CDD3C0192820CAC30009FBCA /* RBSegmentViewControl */,
				CDD3C0182820CAC30009FBCA /* Products */,
			);
			sourceTree = "<group>";
		};
		CDD3C0182820CAC30009FBCA /* Products */ = {
			isa = PBXGroup;
			children = (
				CDD3C0172820CAC30009FBCA /* RBSegmentViewControl.app */,
			);
			name = Products;
			sourceTree = "<group>";
		};
		CDD3C0192820CAC30009FBCA /* RBSegmentViewControl */ = {
			isa = PBXGroup;
			children = (
				CDD3C0412820F1AD0009FBCA /* ESPullToRefresh */,
				CDD3C0302820D0850009FBCA /* RBSegmentUtils */,
				CDD3C01A2820CAC30009FBCA /* AppDelegate.swift */,
				CDD3C01C2820CAC30009FBCA /* SceneDelegate.swift */,
				CDD3C0202820CAC30009FBCA /* Main.storyboard */,
				CDD3C0232820CAC80009FBCA /* Assets.xcassets */,
				CDD3C0252820CAC80009FBCA /* LaunchScreen.storyboard */,
				CDD3C0282820CAC80009FBCA /* Info.plist */,
				CDD3C02E2820CEFA0009FBCA /* RBHomeViewController.swift */,
				CDD3C01E2820CAC30009FBCA /* ViewController.swift */,
			);
			path = RBSegmentViewControl;
			sourceTree = "<group>";
		};
		CDD3C0302820D0850009FBCA /* RBSegmentUtils */ = {
			isa = PBXGroup;
			children = (
				CDD3C0312820D0A00009FBCA /* RBSegmentUtils.swift */,
				CDD3C0332820D2860009FBCA /* RBSegmentBaseCollectionView.swift */,
				CDD3C0372820E1F80009FBCA /* RBSegmentPageContentView.swift */,
				CDD3C0392820E74E0009FBCA /* RBSegmentTableViewCell.swift */,
				CDD3C03B2820E78E0009FBCA /* RBSegmentViewController.swift */,
				CDD3C03D2820E7D10009FBCA /* RBSegmentCollectionView.swift */,
				CDD3C03F2820EBCE0009FBCA /* RBPageControlBar.swift */,
			);
			path = RBSegmentUtils;
			sourceTree = "<group>";
		};
		CDD3C0412820F1AD0009FBCA /* ESPullToRefresh */ = {
			isa = PBXGroup;
			children = (
				CDD3C0422820F1AD0009FBCA /* LICENSE */,
				CDD3C0432820F1AD0009FBCA /* README.md */,
				CDD3C0442820F1AD0009FBCA /* Sources */,
			);
			path = ESPullToRefresh;
			sourceTree = "<group>";
		};
		CDD3C0442820F1AD0009FBCA /* Sources */ = {
			isa = PBXGroup;
			children = (
				CDD3C0452820F1AD0009FBCA /* ESPullToRefresh+Manager.swift */,
				CDD3C0462820F1AD0009FBCA /* ESRefreshAnimator.swift */,
				CDD3C0472820F1AD0009FBCA /* ESRefreshComponent.swift */,
				CDD3C0482820F1AD0009FBCA /* Animator */,
				CDD3C04C2820F1AD0009FBCA /* ESRefreshProtocol.swift */,
				CDD3C04D2820F1AD0009FBCA /* ES.swift */,
				CDD3C04E2820F1AD0009FBCA /* ESPullToRefresh.swift */,
			);
			path = Sources;
			sourceTree = "<group>";
		};
		CDD3C0482820F1AD0009FBCA /* Animator */ = {
			isa = PBXGroup;
			children = (
				CDD3C0492820F1AD0009FBCA /* ESRefreshHeaderAnimator.swift */,
				CDD3C04A2820F1AD0009FBCA /* icon_pull_to_refresh_arrow@2x.png */,
				CDD3C04B2820F1AD0009FBCA /* ESRefreshFooterAnimator.swift */,
			);
			path = Animator;
			sourceTree = "<group>";
		};
/* End PBXGroup section */

/* Begin PBXNativeTarget section */
		CDD3C0162820CAC30009FBCA /* RBSegmentViewControl */ = {
			isa = PBXNativeTarget;
			buildConfigurationList = CDD3C02B2820CAC80009FBCA /* Build configuration list for PBXNativeTarget "RBSegmentViewControl" */;
			buildPhases = (
				CDD3C0132820CAC30009FBCA /* Sources */,
				CDD3C0142820CAC30009FBCA /* Frameworks */,
				CDD3C0152820CAC30009FBCA /* Resources */,
			);
			buildRules = (
			);
			dependencies = (
			);
			name = RBSegmentViewControl;
			productName = RBSegmentViewControl;
			productReference = CDD3C0172820CAC30009FBCA /* RBSegmentViewControl.app */;
			productType = "com.apple.product-type.application";
		};
/* End PBXNativeTarget section */

/* Begin PBXProject section */
		CDD3C00F2820CAC30009FBCA /* Project object */ = {
			isa = PBXProject;
			attributes = {
				BuildIndependentTargetsInParallel = 1;
				LastSwiftUpdateCheck = 1330;
				LastUpgradeCheck = 1330;
				TargetAttributes = {
					CDD3C0162820CAC30009FBCA = {
						CreatedOnToolsVersion = 13.3;
					};
				};
			};
			buildConfigurationList = CDD3C0122820CAC30009FBCA /* Build configuration list for PBXProject "RBSegmentViewControl" */;
			compatibilityVersion = "Xcode 13.0";
			developmentRegion = en;
			hasScannedForEncodings = 0;
			knownRegions = (
				en,
				Base,
			);
			mainGroup = CDD3C00E2820CAC30009FBCA;
			productRefGroup = CDD3C0182820CAC30009FBCA /* Products */;
			projectDirPath = "";
			projectRoot = "";
			targets = (
				CDD3C0162820CAC30009FBCA /* RBSegmentViewControl */,
			);
		};
/* End PBXProject section */

/* Begin PBXResourcesBuildPhase section */
		CDD3C0152820CAC30009FBCA /* Resources */ = {
			isa = PBXResourcesBuildPhase;
			buildActionMask = 2147483647;
			files = (
				CDD3C0272820CAC80009FBCA /* LaunchScreen.storyboard in Resources */,
				CDD3C0242820CAC80009FBCA /* Assets.xcassets in Resources */,
				CDD3C0502820F1AD0009FBCA /* README.md in Resources */,
				CDD3C0552820F1AD0009FBCA /* icon_pull_to_refresh_arrow@2x.png in Resources */,
				CDD3C04F2820F1AD0009FBCA /* LICENSE in Resources */,
				CDD3C0222820CAC30009FBCA /* Main.storyboard in Resources */,
			);
			runOnlyForDeploymentPostprocessing = 0;
		};
/* End PBXResourcesBuildPhase section */

/* Begin PBXSourcesBuildPhase section */
		CDD3C0132820CAC30009FBCA /* Sources */ = {
			isa = PBXSourcesBuildPhase;
			buildActionMask = 2147483647;
			files = (
				CDD3C0322820D0A00009FBCA /* RBSegmentUtils.swift in Sources */,
				CDD3C0522820F1AD0009FBCA /* ESRefreshAnimator.swift in Sources */,
				CDD3C03A2820E74E0009FBCA /* RBSegmentTableViewCell.swift in Sources */,
				CDD3C01F2820CAC30009FBCA /* ViewController.swift in Sources */,
				CDD3C02F2820CEFA0009FBCA /* RBHomeViewController.swift in Sources */,
				CDD3C0542820F1AD0009FBCA /* ESRefreshHeaderAnimator.swift in Sources */,
				CDD3C03C2820E78E0009FBCA /* RBSegmentViewController.swift in Sources */,
				CDD3C0512820F1AD0009FBCA /* ESPullToRefresh+Manager.swift in Sources */,
				CDD3C0532820F1AD0009FBCA /* ESRefreshComponent.swift in Sources */,
				CDD3C0562820F1AD0009FBCA /* ESRefreshFooterAnimator.swift in Sources */,
				CDD3C01B2820CAC30009FBCA /* AppDelegate.swift in Sources */,
				CDD3C0582820F1AD0009FBCA /* ES.swift in Sources */,
				CDD3C0402820EBCE0009FBCA /* RBPageControlBar.swift in Sources */,
				CDD3C0592820F1AD0009FBCA /* ESPullToRefresh.swift in Sources */,
				CDD3C03E2820E7D10009FBCA /* RBSegmentCollectionView.swift in Sources */,
				CDD3C01D2820CAC30009FBCA /* SceneDelegate.swift in Sources */,
				CDD3C0342820D2860009FBCA /* RBSegmentBaseCollectionView.swift in Sources */,
				CDD3C0382820E1F80009FBCA /* RBSegmentPageContentView.swift in Sources */,
				CDD3C0572820F1AD0009FBCA /* ESRefreshProtocol.swift in Sources */,
			);
			runOnlyForDeploymentPostprocessing = 0;
		};
/* End PBXSourcesBuildPhase section */

/* Begin PBXVariantGroup section */
		CDD3C0202820CAC30009FBCA /* Main.storyboard */ = {
			isa = PBXVariantGroup;
			children = (
				CDD3C0212820CAC30009FBCA /* Base */,
			);
			name = Main.storyboard;
			sourceTree = "<group>";
		};
		CDD3C0252820CAC80009FBCA /* LaunchScreen.storyboard */ = {
			isa = PBXVariantGroup;
			children = (
				CDD3C0262820CAC80009FBCA /* Base */,
			);
			name = LaunchScreen.storyboard;
			sourceTree = "<group>";
		};
/* End PBXVariantGroup section */

/* Begin XCBuildConfiguration section */
		CDD3C0292820CAC80009FBCA /* Debug */ = {
			isa = XCBuildConfiguration;
			buildSettings = {
				ALWAYS_SEARCH_USER_PATHS = NO;
				CLANG_ANALYZER_NONNULL = YES;
				CLANG_ANALYZER_NUMBER_OBJECT_CONVERSION = YES_AGGRESSIVE;
				CLANG_CXX_LANGUAGE_STANDARD = "gnu++17";
				CLANG_ENABLE_MODULES = YES;
				CLANG_ENABLE_OBJC_ARC = YES;
				CLANG_ENABLE_OBJC_WEAK = YES;
				CLANG_WARN_BLOCK_CAPTURE_AUTORELEASING = YES;
				CLANG_WARN_BOOL_CONVERSION = YES;
				CLANG_WARN_COMMA = YES;
				CLANG_WARN_CONSTANT_CONVERSION = YES;
				CLANG_WARN_DEPRECATED_OBJC_IMPLEMENTATIONS = YES;
				CLANG_WARN_DIRECT_OBJC_ISA_USAGE = YES_ERROR;
				CLANG_WARN_DOCUMENTATION_COMMENTS = YES;
				CLANG_WARN_EMPTY_BODY = YES;
				CLANG_WARN_ENUM_CONVERSION = YES;
				CLANG_WARN_INFINITE_RECURSION = YES;
				CLANG_WARN_INT_CONVERSION = YES;
				CLANG_WARN_NON_LITERAL_NULL_CONVERSION = YES;
				CLANG_WARN_OBJC_IMPLICIT_RETAIN_SELF = YES;
				CLANG_WARN_OBJC_LITERAL_CONVERSION = YES;
				CLANG_WARN_OBJC_ROOT_CLASS = YES_ERROR;
				CLANG_WARN_QUOTED_INCLUDE_IN_FRAMEWORK_HEADER = YES;
				CLANG_WARN_RANGE_LOOP_ANALYSIS = YES;
				CLANG_WARN_STRICT_PROTOTYPES = YES;
				CLANG_WARN_SUSPICIOUS_MOVE = YES;
				CLANG_WARN_UNGUARDED_AVAILABILITY = YES_AGGRESSIVE;
				CLANG_WARN_UNREACHABLE_CODE = YES;
				CLANG_WARN__DUPLICATE_METHOD_MATCH = YES;
				COPY_PHASE_STRIP = NO;
				DEBUG_INFORMATION_FORMAT = dwarf;
				ENABLE_STRICT_OBJC_MSGSEND = YES;
				ENABLE_TESTABILITY = YES;
				GCC_C_LANGUAGE_STANDARD = gnu11;
				GCC_DYNAMIC_NO_PIC = NO;
				GCC_NO_COMMON_BLOCKS = YES;
				GCC_OPTIMIZATION_LEVEL = 0;
				GCC_PREPROCESSOR_DEFINITIONS = (
					"DEBUG=1",
					"$(inherited)",
				);
				GCC_WARN_64_TO_32_BIT_CONVERSION = YES;
				GCC_WARN_ABOUT_RETURN_TYPE = YES_ERROR;
				GCC_WARN_UNDECLARED_SELECTOR = YES;
				GCC_WARN_UNINITIALIZED_AUTOS = YES_AGGRESSIVE;
				GCC_WARN_UNUSED_FUNCTION = YES;
				GCC_WARN_UNUSED_VARIABLE = YES;
				IPHONEOS_DEPLOYMENT_TARGET = 15.4;
				MTL_ENABLE_DEBUG_INFO = INCLUDE_SOURCE;
				MTL_FAST_MATH = YES;
				ONLY_ACTIVE_ARCH = YES;
				SDKROOT = iphoneos;
				SWIFT_ACTIVE_COMPILATION_CONDITIONS = DEBUG;
				SWIFT_OPTIMIZATION_LEVEL = "-Onone";
			};
			name = Debug;
		};
		CDD3C02A2820CAC80009FBCA /* Release */ = {
			isa = XCBuildConfiguration;
			buildSettings = {
				ALWAYS_SEARCH_USER_PATHS = NO;
				CLANG_ANALYZER_NONNULL = YES;
				CLANG_ANALYZER_NUMBER_OBJECT_CONVERSION = YES_AGGRESSIVE;
				CLANG_CXX_LANGUAGE_STANDARD = "gnu++17";
				CLANG_ENABLE_MODULES = YES;
				CLANG_ENABLE_OBJC_ARC = YES;
				CLANG_ENABLE_OBJC_WEAK = YES;
				CLANG_WARN_BLOCK_CAPTURE_AUTORELEASING = YES;
				CLANG_WARN_BOOL_CONVERSION = YES;
				CLANG_WARN_COMMA = YES;
				CLANG_WARN_CONSTANT_CONVERSION = YES;
				CLANG_WARN_DEPRECATED_OBJC_IMPLEMENTATIONS = YES;
				CLANG_WARN_DIRECT_OBJC_ISA_USAGE = YES_ERROR;
				CLANG_WARN_DOCUMENTATION_COMMENTS = YES;
				CLANG_WARN_EMPTY_BODY = YES;
				CLANG_WARN_ENUM_CONVERSION = YES;
				CLANG_WARN_INFINITE_RECURSION = YES;
				CLANG_WARN_INT_CONVERSION = YES;
				CLANG_WARN_NON_LITERAL_NULL_CONVERSION = YES;
				CLANG_WARN_OBJC_IMPLICIT_RETAIN_SELF = YES;
				CLANG_WARN_OBJC_LITERAL_CONVERSION = YES;
				CLANG_WARN_OBJC_ROOT_CLASS = YES_ERROR;
				CLANG_WARN_QUOTED_INCLUDE_IN_FRAMEWORK_HEADER = YES;
				CLANG_WARN_RANGE_LOOP_ANALYSIS = YES;
				CLANG_WARN_STRICT_PROTOTYPES = YES;
				CLANG_WARN_SUSPICIOUS_MOVE = YES;
				CLANG_WARN_UNGUARDED_AVAILABILITY = YES_AGGRESSIVE;
				CLANG_WARN_UNREACHABLE_CODE = YES;
				CLANG_WARN__DUPLICATE_METHOD_MATCH = YES;
				COPY_PHASE_STRIP = NO;
				DEBUG_INFORMATION_FORMAT = "dwarf-with-dsym";
				ENABLE_NS_ASSERTIONS = NO;
				ENABLE_STRICT_OBJC_MSGSEND = YES;
				GCC_C_LANGUAGE_STANDARD = gnu11;
				GCC_NO_COMMON_BLOCKS = YES;
				GCC_WARN_64_TO_32_BIT_CONVERSION = YES;
				GCC_WARN_ABOUT_RETURN_TYPE = YES_ERROR;
				GCC_WARN_UNDECLARED_SELECTOR = YES;
				GCC_WARN_UNINITIALIZED_AUTOS = YES_AGGRESSIVE;
				GCC_WARN_UNUSED_FUNCTION = YES;
				GCC_WARN_UNUSED_VARIABLE = YES;
				IPHONEOS_DEPLOYMENT_TARGET = 15.4;
				MTL_ENABLE_DEBUG_INFO = NO;
				MTL_FAST_MATH = YES;
				SDKROOT = iphoneos;
				SWIFT_COMPILATION_MODE = wholemodule;
				SWIFT_OPTIMIZATION_LEVEL = "-O";
				VALIDATE_PRODUCT = YES;
			};
			name = Release;
		};
		CDD3C02C2820CAC80009FBCA /* Debug */ = {
			isa = XCBuildConfiguration;
			buildSettings = {
				ASSETCATALOG_COMPILER_APPICON_NAME = AppIcon;
				ASSETCATALOG_COMPILER_GLOBAL_ACCENT_COLOR_NAME = AccentColor;
				CODE_SIGN_STYLE = Automatic;
				CURRENT_PROJECT_VERSION = 1;
				DEVELOPMENT_TEAM = L267ZGL2P6;
				GENERATE_INFOPLIST_FILE = YES;
				INFOPLIST_FILE = RBSegmentViewControl/Info.plist;
				INFOPLIST_KEY_UIApplicationSupportsIndirectInputEvents = YES;
				INFOPLIST_KEY_UILaunchStoryboardName = LaunchScreen;
				INFOPLIST_KEY_UIMainStoryboardFile = Main;
				INFOPLIST_KEY_UISupportedInterfaceOrientations_iPad = "UIInterfaceOrientationPortrait UIInterfaceOrientationPortraitUpsideDown UIInterfaceOrientationLandscapeLeft UIInterfaceOrientationLandscapeRight";
				INFOPLIST_KEY_UISupportedInterfaceOrientations_iPhone = "UIInterfaceOrientationPortrait UIInterfaceOrientationLandscapeLeft UIInterfaceOrientationLandscapeRight";
				IPHONEOS_DEPLOYMENT_TARGET = 11.0;
				LD_RUNPATH_SEARCH_PATHS = (
					"$(inherited)",
					"@executable_path/Frameworks",
				);
				MARKETING_VERSION = 1.0;
				PRODUCT_BUNDLE_IDENTIFIER = com.rb.RBSegmentViewControl;
				PRODUCT_NAME = "$(TARGET_NAME)";
				SWIFT_EMIT_LOC_STRINGS = YES;
				SWIFT_VERSION = 5.0;
				TARGETED_DEVICE_FAMILY = "1,2";
			};
			name = Debug;
		};
		CDD3C02D2820CAC80009FBCA /* Release */ = {
			isa = XCBuildConfiguration;
			buildSettings = {
				ASSETCATALOG_COMPILER_APPICON_NAME = AppIcon;
				ASSETCATALOG_COMPILER_GLOBAL_ACCENT_COLOR_NAME = AccentColor;
				CODE_SIGN_STYLE = Automatic;
				CURRENT_PROJECT_VERSION = 1;
				DEVELOPMENT_TEAM = L267ZGL2P6;
				GENERATE_INFOPLIST_FILE = YES;
				INFOPLIST_FILE = RBSegmentViewControl/Info.plist;
				INFOPLIST_KEY_UIApplicationSupportsIndirectInputEvents = YES;
				INFOPLIST_KEY_UILaunchStoryboardName = LaunchScreen;
				INFOPLIST_KEY_UIMainStoryboardFile = Main;
				INFOPLIST_KEY_UISupportedInterfaceOrientations_iPad = "UIInterfaceOrientationPortrait UIInterfaceOrientationPortraitUpsideDown UIInterfaceOrientationLandscapeLeft UIInterfaceOrientationLandscapeRight";
				INFOPLIST_KEY_UISupportedInterfaceOrientations_iPhone = "UIInterfaceOrientationPortrait UIInterfaceOrientationLandscapeLeft UIInterfaceOrientationLandscapeRight";
				IPHONEOS_DEPLOYMENT_TARGET = 11.0;
				LD_RUNPATH_SEARCH_PATHS = (
					"$(inherited)",
					"@executable_path/Frameworks",
				);
				MARKETING_VERSION = 1.0;
				PRODUCT_BUNDLE_IDENTIFIER = com.rb.RBSegmentViewControl;
				PRODUCT_NAME = "$(TARGET_NAME)";
				SWIFT_EMIT_LOC_STRINGS = YES;
				SWIFT_VERSION = 5.0;
				TARGETED_DEVICE_FAMILY = "1,2";
			};
			name = Release;
		};
/* End XCBuildConfiguration section */

/* Begin XCConfigurationList section */
		CDD3C0122820CAC30009FBCA /* Build configuration list for PBXProject "RBSegmentViewControl" */ = {
			isa = XCConfigurationList;
			buildConfigurations = (
				CDD3C0292820CAC80009FBCA /* Debug */,
				CDD3C02A2820CAC80009FBCA /* Release */,
			);
			defaultConfigurationIsVisible = 0;
			defaultConfigurationName = Release;
		};
		CDD3C02B2820CAC80009FBCA /* Build configuration list for PBXNativeTarget "RBSegmentViewControl" */ = {
			isa = XCConfigurationList;
			buildConfigurations = (
				CDD3C02C2820CAC80009FBCA /* Debug */,
				CDD3C02D2820CAC80009FBCA /* Release */,
			);
			defaultConfigurationIsVisible = 0;
			defaultConfigurationName = Release;
		};
/* End XCConfigurationList section */
	};
	rootObject = CDD3C00F2820CAC30009FBCA /* Project object */;
}
